
Microsoft Visual Studio Solution File, Format Version 12.00
# Visual Studio Version 16
VisualStudioVersion = 16.0.30523.141
MinimumVisualStudioVersion = 10.0.40219.1
Project("{FAE04EC0-301F-11D3-BF4B-00C04F79EFBC}") = "Csharp", "Csharp.csproj", "{3AB03171-C90C-4165-A242-2B400D43EEB9}"
EndProject
Project("{FAE04EC0-301F-11D3-BF4B-00C04F79EFBC}") = "Test", "..\Test\Test.csproj", "{CEC0271F-447E-4E95-90E0-B225DC827AAF}"
EndProject
Project("{FAE04EC0-301F-11D3-BF4B-00C04F79EFBC}") = "Node", "..\Node\Node.csproj", "{B7648E1C-7B0A-4DBE-B5BB-0EFE7224CD0D}"
EndProject
Global
	GlobalSection(SolutionConfigurationPlatforms) = preSolution
		Debug|Any CPU = Debug|Any CPU
		Release|Any CPU = Release|Any CPU
	EndGlobalSection
	GlobalSection(ProjectConfigurationPlatforms) = postSolution
		{3AB03171-C90C-4165-A242-2B400D43EEB9}.Debug|Any CPU.ActiveCfg = Debug|Any CPU
		{3AB03171-C90C-4165-A242-2B400D43EEB9}.Debug|Any CPU.Build.0 = Debug|Any CPU
		{3AB03171-C90C-4165-A242-2B400D43EEB9}.Release|Any CPU.ActiveCfg = Release|Any CPU
		{3AB03171-C90C-4165-A242-2B400D43EEB9}.Release|Any CPU.Build.0 = Release|Any CPU
		{CEC0271F-447E-4E95-90E0-B225DC827AAF}.Debug|Any CPU.ActiveCfg = Debug|Any CPU
		{CEC0271F-447E-4E95-90E0-B225DC827AAF}.Debug|Any CPU.Build.0 = Debug|Any CPU
		{CEC0271F-447E-4E95-90E0-B225DC827AAF}.Release|Any CPU.ActiveCfg = Release|Any CPU
		{CEC0271F-447E-4E95-90E0-B225DC827AAF}.Release|Any CPU.Build.0 = Release|Any CPU
		{B7648E1C-7B0A-4DBE-B5BB-0EFE7224CD0D}.Debug|Any CPU.ActiveCfg = Debug|Any CPU
		{B7648E1C-7B0A-4DBE-B5BB-0EFE7224CD0D}.Debug|Any CPU.Build.0 = Debug|Any CPU
		{B7648E1C-7B0A-4DBE-B5BB-0EFE7224CD0D}.Release|Any CPU.ActiveCfg = Release|Any CPU
		{B7648E1C-7B0A-4DBE-B5BB-0EFE7224CD0D}.Release|Any CPU.Build.0 = Release|Any CPU
	EndGlobalSection
	GlobalSection(SolutionProperties) = preSolution
		HideSolutionNode = FALSE
	EndGlobalSection
	GlobalSection(ExtensibilityGlobals) = postSolution
		SolutionGuid = {44013E25-3761-41D2-A4CF-9714B152AA10}
	EndGlobalSection
EndGlobal
